// !$*UTF8*$!
{
	archiveVersion = 1;
	classes = {
	};
	objectVersion = 50;
	objects = {

/* Begin PBXBuildFile section */
		4016CD3E23E2C7E400E03F9A /* UserData.swift in Sources */ = {isa = PBXBuildFile; fileRef = 4016CD3D23E2C7E400E03F9A /* UserData.swift */; };
		4091129323E40839001400F1 /* hikeData.json in Resources */ = {isa = PBXBuildFile; fileRef = 4091129223E40838001400F1 /* hikeData.json */; };
		4091129623E4084B001400F1 /* HikeGraph.swift in Sources */ = {isa = PBXBuildFile; fileRef = 4091129423E4084B001400F1 /* HikeGraph.swift */; };
		4091129723E4084B001400F1 /* GraphCapsule.swift in Sources */ = {isa = PBXBuildFile; fileRef = 4091129523E4084B001400F1 /* GraphCapsule.swift */; };
		4091129923E40858001400F1 /* Hike.swift in Sources */ = {isa = PBXBuildFile; fileRef = 4091129823E40858001400F1 /* Hike.swift */; };
		4091129B23E4086F001400F1 /* HikeView.swift in Sources */ = {isa = PBXBuildFile; fileRef = 4091129A23E4086F001400F1 /* HikeView.swift */; };
		40BF567423E1A746005F1CFE /* AppDelegate.swift in Sources */ = {isa = PBXBuildFile; fileRef = 40BF567323E1A746005F1CFE /* AppDelegate.swift */; };
		40BF567623E1A746005F1CFE /* SceneDelegate.swift in Sources */ = {isa = PBXBuildFile; fileRef = 40BF567523E1A746005F1CFE /* SceneDelegate.swift */; };
		40BF567A23E1A749005F1CFE /* Assets.xcassets in Resources */ = {isa = PBXBuildFile; fileRef = 40BF567923E1A749005F1CFE /* Assets.xcassets */; };
		40BF567D23E1A749005F1CFE /* Preview Assets.xcassets in Resources */ = {isa = PBXBuildFile; fileRef = 40BF567C23E1A749005F1CFE /* Preview Assets.xcassets */; };
		40BF568023E1A749005F1CFE /* LaunchScreen.storyboard in Resources */ = {isa = PBXBuildFile; fileRef = 40BF567E23E1A749005F1CFE /* LaunchScreen.storyboard */; };
		40BF568823E1A800005F1CFE /* LandmarkDetail.swift in Sources */ = {isa = PBXBuildFile; fileRef = 40BF568723E1A800005F1CFE /* LandmarkDetail.swift */; };
		40BF568A23E1B23C005F1CFE /* MapView.swift in Sources */ = {isa = PBXBuildFile; fileRef = 40BF568923E1B23C005F1CFE /* MapView.swift */; };
		40BF568C23E1BD37005F1CFE /* Landmark.swift in Sources */ = {isa = PBXBuildFile; fileRef = 40BF568B23E1BD37005F1CFE /* Landmark.swift */; };
		40BF569023E1BE69005F1CFE /* .gitignore in Resources */ = {isa = PBXBuildFile; fileRef = 40BF568F23E1BE69005F1CFE /* .gitignore */; };
		40BF569923E1C110005F1CFE /* LandmarkList.swift in Sources */ = {isa = PBXBuildFile; fileRef = 40BF569823E1C110005F1CFE /* LandmarkList.swift */; };
		40BF569B23E1C387005F1CFE /* LandmarkCell.swift in Sources */ = {isa = PBXBuildFile; fileRef = 40BF569A23E1C387005F1CFE /* LandmarkCell.swift */; };
/* End PBXBuildFile section */

/* Begin PBXFileReference section */
		4016CD3D23E2C7E400E03F9A /* UserData.swift */ = {isa = PBXFileReference; lastKnownFileType = sourcecode.swift; path = UserData.swift; sourceTree = "<group>"; };
		4091129223E40838001400F1 /* hikeData.json */ = {isa = PBXFileReference; fileEncoding = 4; lastKnownFileType = text.json; path = hikeData.json; sourceTree = "<group>"; };
		4091129423E4084B001400F1 /* HikeGraph.swift */ = {isa = PBXFileReference; fileEncoding = 4; lastKnownFileType = sourcecode.swift; path = HikeGraph.swift; sourceTree = "<group>"; };
		4091129523E4084B001400F1 /* GraphCapsule.swift */ = {isa = PBXFileReference; fileEncoding = 4; lastKnownFileType = sourcecode.swift; path = GraphCapsule.swift; sourceTree = "<group>"; };
		4091129823E40858001400F1 /* Hike.swift */ = {isa = PBXFileReference; fileEncoding = 4; lastKnownFileType = sourcecode.swift; path = Hike.swift; sourceTree = "<group>"; };
		4091129A23E4086F001400F1 /* HikeView.swift */ = {isa = PBXFileReference; fileEncoding = 4; lastKnownFileType = sourcecode.swift; path = HikeView.swift; sourceTree = "<group>"; };
		40BF567023E1A746005F1CFE /* ChinaLandmark.app */ = {isa = PBXFileReference; explicitFileType = wrapper.application; includeInIndex = 0; path = ChinaLandmark.app; sourceTree = BUILT_PRODUCTS_DIR; };
		40BF567323E1A746005F1CFE /* AppDelegate.swift */ = {isa = PBXFileReference; lastKnownFileType = sourcecode.swift; path = AppDelegate.swift; sourceTree = "<group>"; };
		40BF567523E1A746005F1CFE /* SceneDelegate.swift */ = {isa = PBXFileReference; lastKnownFileType = sourcecode.swift; path = SceneDelegate.swift; sourceTree = "<group>"; };
		40BF567923E1A749005F1CFE /* Assets.xcassets */ = {isa = PBXFileReference; lastKnownFileType = folder.assetcatalog; path = Assets.xcassets; sourceTree = "<group>"; };
		40BF567C23E1A749005F1CFE /* Preview Assets.xcassets */ = {isa = PBXFileReference; lastKnownFileType = folder.assetcatalog; path = "Preview Assets.xcassets"; sourceTree = "<group>"; };
		40BF567F23E1A749005F1CFE /* Base */ = {isa = PBXFileReference; lastKnownFileType = file.storyboard; name = Base; path = Base.lproj/LaunchScreen.storyboard; sourceTree = "<group>"; };
		40BF568123E1A749005F1CFE /* Info.plist */ = {isa = PBXFileReference; lastKnownFileType = text.plist.xml; path = Info.plist; sourceTree = "<group>"; };
		40BF568723E1A800005F1CFE /* LandmarkDetail.swift */ = {isa = PBXFileReference; lastKnownFileType = sourcecode.swift; path = LandmarkDetail.swift; sourceTree = "<group>"; };
		40BF568923E1B23C005F1CFE /* MapView.swift */ = {isa = PBXFileReference; lastKnownFileType = sourcecode.swift; path = MapView.swift; sourceTree = "<group>"; };
		40BF568B23E1BD37005F1CFE /* Landmark.swift */ = {isa = PBXFileReference; fileEncoding = 4; lastKnownFileType = sourcecode.swift; path = Landmark.swift; sourceTree = "<group>"; };
		40BF568F23E1BE69005F1CFE /* .gitignore */ = {isa = PBXFileReference; lastKnownFileType = text; path = .gitignore; sourceTree = "<group>"; };
		40BF569823E1C110005F1CFE /* LandmarkList.swift */ = {isa = PBXFileReference; lastKnownFileType = sourcecode.swift; path = LandmarkList.swift; sourceTree = "<group>"; };
		40BF569A23E1C387005F1CFE /* LandmarkCell.swift */ = {isa = PBXFileReference; lastKnownFileType = sourcecode.swift; path = LandmarkCell.swift; sourceTree = "<group>"; };
/* End PBXFileReference section */

/* Begin PBXFrameworksBuildPhase section */
		40BF566D23E1A746005F1CFE /* Frameworks */ = {
			isa = PBXFrameworksBuildPhase;
			buildActionMask = 2147483647;
			files = (
			);
			runOnlyForDeploymentPostprocessing = 0;
		};
/* End PBXFrameworksBuildPhase section */

/* Begin PBXGroup section */
		4091128F23E4077C001400F1 /* Cell View */ = {
			isa = PBXGroup;
			children = (
				40BF569A23E1C387005F1CFE /* LandmarkCell.swift */,
			);
			name = "Cell View";
			sourceTree = "<group>";
		};
		4091129023E407DB001400F1 /* Supporting Views */ = {
			isa = PBXGroup;
			children = (
				4091129523E4084B001400F1 /* GraphCapsule.swift */,
				4091129423E4084B001400F1 /* HikeGraph.swift */,
			);
			path = "Supporting Views";
			sourceTree = "<group>";
		};
		4091129123E407EE001400F1 /* Resources */ = {
			isa = PBXGroup;
			children = (
				4091129223E40838001400F1 /* hikeData.json */,
			);
			name = Resources;
			sourceTree = "<group>";
		};
		40BF566723E1A746005F1CFE = {
			isa = PBXGroup;
			children = (
				40BF568F23E1BE69005F1CFE /* .gitignore */,
				40BF567223E1A746005F1CFE /* ChinaLandmark */,
				40BF567123E1A746005F1CFE /* Products */,
			);
			sourceTree = "<group>";
		};
		40BF567123E1A746005F1CFE /* Products */ = {
			isa = PBXGroup;
			children = (
				40BF567023E1A746005F1CFE /* ChinaLandmark.app */,
			);
			name = Products;
			sourceTree = "<group>";
		};
		40BF567223E1A746005F1CFE /* ChinaLandmark */ = {
			isa = PBXGroup;
			children = (
				4091128F23E4077C001400F1 /* Cell View */,
				40BF569323E1C006005F1CFE /* Controllers */,
				40BF568E23E1BD95005F1CFE /* UIViews */,
				40BF568D23E1BD81005F1CFE /* Models */,
				40BF567323E1A746005F1CFE /* AppDelegate.swift */,
				40BF567523E1A746005F1CFE /* SceneDelegate.swift */,
				40BF567923E1A749005F1CFE /* Assets.xcassets */,
				40BF567E23E1A749005F1CFE /* LaunchScreen.storyboard */,
				40BF568123E1A749005F1CFE /* Info.plist */,
				4091129123E407EE001400F1 /* Resources */,
				4091129023E407DB001400F1 /* Supporting Views */,
				40BF567B23E1A749005F1CFE /* Preview Content */,
			);
			path = ChinaLandmark;
			sourceTree = "<group>";
		};
		40BF567B23E1A749005F1CFE /* Preview Content */ = {
			isa = PBXGroup;
			children = (
				40BF567C23E1A749005F1CFE /* Preview Assets.xcassets */,
			);
			path = "Preview Content";
			sourceTree = "<group>";
		};
		40BF568D23E1BD81005F1CFE /* Models */ = {
			isa = PBXGroup;
			children = (
				4091129823E40858001400F1 /* Hike.swift */,
				40BF568B23E1BD37005F1CFE /* Landmark.swift */,
				4016CD3D23E2C7E400E03F9A /* UserData.swift */,
				4091129A23E4086F001400F1 /* HikeView.swift */,
			);
			name = Models;
			sourceTree = "<group>";
		};
		40BF568E23E1BD95005F1CFE /* UIViews */ = {
			isa = PBXGroup;
			children = (
				40BF568923E1B23C005F1CFE /* MapView.swift */,
			);
			name = UIViews;
			sourceTree = "<group>";
		};
		40BF569323E1C006005F1CFE /* Controllers */ = {
			isa = PBXGroup;
			children = (
				40BF568723E1A800005F1CFE /* LandmarkDetail.swift */,
				40BF569823E1C110005F1CFE /* LandmarkList.swift */,
			);
			path = Controllers;
			sourceTree = "<group>";
		};
/* End PBXGroup section */

/* Begin PBXNativeTarget section */
		40BF566F23E1A746005F1CFE /* ChinaLandmark */ = {
			isa = PBXNativeTarget;
			buildConfigurationList = 40BF568423E1A749005F1CFE /* Build configuration list for PBXNativeTarget "ChinaLandmark" */;
			buildPhases = (
				40BF566C23E1A746005F1CFE /* Sources */,
				40BF566D23E1A746005F1CFE /* Frameworks */,
				40BF566E23E1A746005F1CFE /* Resources */,
			);
			buildRules = (
			);
			dependencies = (
			);
			name = ChinaLandmark;
			productName = ChinaLandmark;
			productReference = 40BF567023E1A746005F1CFE /* ChinaLandmark.app */;
			productType = "com.apple.product-type.application";
		};
/* End PBXNativeTarget section */

/* Begin PBXProject section */
		40BF566823E1A746005F1CFE /* Project object */ = {
			isa = PBXProject;
			attributes = {
				LastSwiftUpdateCheck = 1130;
				LastUpgradeCheck = 1130;
				ORGANIZATIONNAME = "Jiehao Zhang";
				TargetAttributes = {
					40BF566F23E1A746005F1CFE = {
						CreatedOnToolsVersion = 11.3.1;
					};
				};
			};
			buildConfigurationList = 40BF566B23E1A746005F1CFE /* Build configuration list for PBXProject "ChinaLandmark" */;
			compatibilityVersion = "Xcode 9.3";
			developmentRegion = en;
			hasScannedForEncodings = 0;
			knownRegions = (
				en,
				Base,
			);
			mainGroup = 40BF566723E1A746005F1CFE;
			productRefGroup = 40BF567123E1A746005F1CFE /* Products */;
			projectDirPath = "";
			projectRoot = "";
			targets = (
				40BF566F23E1A746005F1CFE /* ChinaLandmark */,
			);
		};
/* End PBXProject section */

/* Begin PBXResourcesBuildPhase section */
		40BF566E23E1A746005F1CFE /* Resources */ = {
			isa = PBXResourcesBuildPhase;
			buildActionMask = 2147483647;
			files = (
				40BF569023E1BE69005F1CFE /* .gitignore in Resources */,
				40BF568023E1A749005F1CFE /* LaunchScreen.storyboard in Resources */,
				40BF567D23E1A749005F1CFE /* Preview Assets.xcassets in Resources */,
				40BF567A23E1A749005F1CFE /* Assets.xcassets in Resources */,
				4091129323E40839001400F1 /* hikeData.json in Resources */,
			);
			runOnlyForDeploymentPostprocessing = 0;
		};
/* End PBXResourcesBuildPhase section */

/* Begin PBXSourcesBuildPhase section */
		40BF566C23E1A746005F1CFE /* Sources */ = {
			isa = PBXSourcesBuildPhase;
			buildActionMask = 2147483647;
			files = (
				4091129723E4084B001400F1 /* GraphCapsule.swift in Sources */,
				4091129B23E4086F001400F1 /* HikeView.swift in Sources */,
				40BF568823E1A800005F1CFE /* LandmarkDetail.swift in Sources */,
				4091129623E4084B001400F1 /* HikeGraph.swift in Sources */,
				40BF569923E1C110005F1CFE /* LandmarkList.swift in Sources */,
				4091129923E40858001400F1 /* Hike.swift in Sources */,
				4016CD3E23E2C7E400E03F9A /* UserData.swift in Sources */,
				40BF568A23E1B23C005F1CFE /* MapView.swift in Sources */,
				40BF567423E1A746005F1CFE /* AppDelegate.swift in Sources */,
				40BF567623E1A746005F1CFE /* SceneDelegate.swift in Sources */,
				40BF569B23E1C387005F1CFE /* LandmarkCell.swift in Sources */,
				40BF568C23E1BD37005F1CFE /* Landmark.swift in Sources */,
			);
			runOnlyForDeploymentPostprocessing = 0;
		};
/* End PBXSourcesBuildPhase section */

/* Begin PBXVariantGroup section */
		40BF567E23E1A749005F1CFE /* LaunchScreen.storyboard */ = {
			isa = PBXVariantGroup;
			children = (
				40BF567F23E1A749005F1CFE /* Base */,
			);
			name = LaunchScreen.storyboard;
			sourceTree = "<group>";
		};
/* End PBXVariantGroup section */

/* Begin XCBuildConfiguration section */
		40BF568223E1A749005F1CFE /* Debug */ = {
			isa = XCBuildConfiguration;
			buildSettings = {
				ALWAYS_SEARCH_USER_PATHS = NO;
				CLANG_ANALYZER_NONNULL = YES;
				CLANG_ANALYZER_NUMBER_OBJECT_CONVERSION = YES_AGGRESSIVE;
				CLANG_CXX_LANGUAGE_STANDARD = "gnu++14";
				CLANG_CXX_LIBRARY = "libc++";
				CLANG_ENABLE_MODULES = YES;
				CLANG_ENABLE_OBJC_ARC = YES;
				CLANG_ENABLE_OBJC_WEAK = YES;
				CLANG_WARN_BLOCK_CAPTURE_AUTORELEASING = YES;
				CLANG_WARN_BOOL_CONVERSION = YES;
				CLANG_WARN_COMMA = YES;
				CLANG_WARN_CONSTANT_CONVERSION = YES;
				CLANG_WARN_DEPRECATED_OBJC_IMPLEMENTATIONS = YES;
				CLANG_WARN_DIRECT_OBJC_ISA_USAGE = YES_ERROR;
				CLANG_WARN_DOCUMENTATION_COMMENTS = YES;
				CLANG_WARN_EMPTY_BODY = YES;
				CLANG_WARN_ENUM_CONVERSION = YES;
				CLANG_WARN_INFINITE_RECURSION = YES;
				CLANG_WARN_INT_CONVERSION = YES;
				CLANG_WARN_NON_LITERAL_NULL_CONVERSION = YES;
				CLANG_WARN_OBJC_IMPLICIT_RETAIN_SELF = YES;
				CLANG_WARN_OBJC_LITERAL_CONVERSION = YES;
				CLANG_WARN_OBJC_ROOT_CLASS = YES_ERROR;
				CLANG_WARN_RANGE_LOOP_ANALYSIS = YES;
				CLANG_WARN_STRICT_PROTOTYPES = YES;
				CLANG_WARN_SUSPICIOUS_MOVE = YES;
				CLANG_WARN_UNGUARDED_AVAILABILITY = YES_AGGRESSIVE;
				CLANG_WARN_UNREACHABLE_CODE = YES;
				CLANG_WARN__DUPLICATE_METHOD_MATCH = YES;
				COPY_PHASE_STRIP = NO;
				DEBUG_INFORMATION_FORMAT = dwarf;
				ENABLE_STRICT_OBJC_MSGSEND = YES;
				ENABLE_TESTABILITY = YES;
				GCC_C_LANGUAGE_STANDARD = gnu11;
				GCC_DYNAMIC_NO_PIC = NO;
				GCC_NO_COMMON_BLOCKS = YES;
				GCC_OPTIMIZATION_LEVEL = 0;
				GCC_PREPROCESSOR_DEFINITIONS = (
					"DEBUG=1",
					"$(inherited)",
				);
				GCC_WARN_64_TO_32_BIT_CONVERSION = YES;
				GCC_WARN_ABOUT_RETURN_TYPE = YES_ERROR;
				GCC_WARN_UNDECLARED_SELECTOR = YES;
				GCC_WARN_UNINITIALIZED_AUTOS = YES_AGGRESSIVE;
				GCC_WARN_UNUSED_FUNCTION = YES;
				GCC_WARN_UNUSED_VARIABLE = YES;
				IPHONEOS_DEPLOYMENT_TARGET = 13.2;
				MTL_ENABLE_DEBUG_INFO = INCLUDE_SOURCE;
				MTL_FAST_MATH = YES;
				ONLY_ACTIVE_ARCH = YES;
				SDKROOT = iphoneos;
				SWIFT_ACTIVE_COMPILATION_CONDITIONS = DEBUG;
				SWIFT_OPTIMIZATION_LEVEL = "-Onone";
			};
			name = Debug;
		};
		40BF568323E1A749005F1CFE /* Release */ = {
			isa = XCBuildConfiguration;
			buildSettings = {
				ALWAYS_SEARCH_USER_PATHS = NO;
				CLANG_ANALYZER_NONNULL = YES;
				CLANG_ANALYZER_NUMBER_OBJECT_CONVERSION = YES_AGGRESSIVE;
				CLANG_CXX_LANGUAGE_STANDARD = "gnu++14";
				CLANG_CXX_LIBRARY = "libc++";
				CLANG_ENABLE_MODULES = YES;
				CLANG_ENABLE_OBJC_ARC = YES;
				CLANG_ENABLE_OBJC_WEAK = YES;
				CLANG_WARN_BLOCK_CAPTURE_AUTORELEASING = YES;
				CLANG_WARN_BOOL_CONVERSION = YES;
				CLANG_WARN_COMMA = YES;
				CLANG_WARN_CONSTANT_CONVERSION = YES;
				CLANG_WARN_DEPRECATED_OBJC_IMPLEMENTATIONS = YES;
				CLANG_WARN_DIRECT_OBJC_ISA_USAGE = YES_ERROR;
				CLANG_WARN_DOCUMENTATION_COMMENTS = YES;
				CLANG_WARN_EMPTY_BODY = YES;
				CLANG_WARN_ENUM_CONVERSION = YES;
				CLANG_WARN_INFINITE_RECURSION = YES;
				CLANG_WARN_INT_CONVERSION = YES;
				CLANG_WARN_NON_LITERAL_NULL_CONVERSION = YES;
				CLANG_WARN_OBJC_IMPLICIT_RETAIN_SELF = YES;
				CLANG_WARN_OBJC_LITERAL_CONVERSION = YES;
				CLANG_WARN_OBJC_ROOT_CLASS = YES_ERROR;
				CLANG_WARN_RANGE_LOOP_ANALYSIS = YES;
				CLANG_WARN_STRICT_PROTOTYPES = YES;
				CLANG_WARN_SUSPICIOUS_MOVE = YES;
				CLANG_WARN_UNGUARDED_AVAILABILITY = YES_AGGRESSIVE;
				CLANG_WARN_UNREACHABLE_CODE = YES;
				CLANG_WARN__DUPLICATE_METHOD_MATCH = YES;
				COPY_PHASE_STRIP = NO;
				DEBUG_INFORMATION_FORMAT = "dwarf-with-dsym";
				ENABLE_NS_ASSERTIONS = NO;
				ENABLE_STRICT_OBJC_MSGSEND = YES;
				GCC_C_LANGUAGE_STANDARD = gnu11;
				GCC_NO_COMMON_BLOCKS = YES;
				GCC_WARN_64_TO_32_BIT_CONVERSION = YES;
				GCC_WARN_ABOUT_RETURN_TYPE = YES_ERROR;
				GCC_WARN_UNDECLARED_SELECTOR = YES;
				GCC_WARN_UNINITIALIZED_AUTOS = YES_AGGRESSIVE;
				GCC_WARN_UNUSED_FUNCTION = YES;
				GCC_WARN_UNUSED_VARIABLE = YES;
				IPHONEOS_DEPLOYMENT_TARGET = 13.2;
				MTL_ENABLE_DEBUG_INFO = NO;
				MTL_FAST_MATH = YES;
				SDKROOT = iphoneos;
				SWIFT_COMPILATION_MODE = wholemodule;
				SWIFT_OPTIMIZATION_LEVEL = "-O";
				VALIDATE_PRODUCT = YES;
			};
			name = Release;
		};
		40BF568523E1A749005F1CFE /* Debug */ = {
			isa = XCBuildConfiguration;
			buildSettings = {
				ASSETCATALOG_COMPILER_APPICON_NAME = AppIcon;
				CODE_SIGN_STYLE = Automatic;
				DEVELOPMENT_ASSET_PATHS = "\"ChinaLandmark/Preview Content\"";
				ENABLE_PREVIEWS = YES;
				INFOPLIST_FILE = ChinaLandmark/Info.plist;
				LD_RUNPATH_SEARCH_PATHS = (
					"$(inherited)",
					"@executable_path/Frameworks",
				);
				PRODUCT_BUNDLE_IDENTIFIER = sicnu.ChinaLandmark;
				PRODUCT_NAME = "$(TARGET_NAME)";
				SWIFT_VERSION = 5.0;
				TARGETED_DEVICE_FAMILY = "1,2";
			};
			name = Debug;
		};
		40BF568623E1A749005F1CFE /* Release */ = {
			isa = XCBuildConfiguration;
			buildSettings = {
				ASSETCATALOG_COMPILER_APPICON_NAME = AppIcon;
				CODE_SIGN_STYLE = Automatic;
				DEVELOPMENT_ASSET_PATHS = "\"ChinaLandmark/Preview Content\"";
				ENABLE_PREVIEWS = YES;
				INFOPLIST_FILE = ChinaLandmark/Info.plist;
				LD_RUNPATH_SEARCH_PATHS = (
					"$(inherited)",
					"@executable_path/Frameworks",
				);
				PRODUCT_BUNDLE_IDENTIFIER = sicnu.ChinaLandmark;
				PRODUCT_NAME = "$(TARGET_NAME)";
				SWIFT_VERSION = 5.0;
				TARGETED_DEVICE_FAMILY = "1,2";
			};
			name = Release;
		};
/* End XCBuildConfiguration section */

/* Begin XCConfigurationList section */
		40BF566B23E1A746005F1CFE /* Build configuration list for PBXProject "ChinaLandmark" */ = {
			isa = XCConfigurationList;
			buildConfigurations = (
				40BF568223E1A749005F1CFE /* Debug */,
				40BF568323E1A749005F1CFE /* Release */,
			);
			defaultConfigurationIsVisible = 0;
			defaultConfigurationName = Release;
		};
		40BF568423E1A749005F1CFE /* Build configuration list for PBXNativeTarget "ChinaLandmark" */ = {
			isa = XCConfigurationList;
			buildConfigurations = (
				40BF568523E1A749005F1CFE /* Debug */,
				40BF568623E1A749005F1CFE /* Release */,
			);
			defaultConfigurationIsVisible = 0;
			defaultConfigurationName = Release;
		};
/* End XCConfigurationList section */
	};
	rootObject = 40BF566823E1A746005F1CFE /* Project object */;
}
